// !$*UTF8*$!
{
	archiveVersion = 1;
	classes = {
	};
	objectVersion = 46;
	objects = {

/* Begin PBXBuildFile section */
		AEFB83041D83CDD500A9DB33 /* AppDelegate.swift in Sources */ = {isa = PBXBuildFile; fileRef = AEFB83031D83CDD500A9DB33 /* AppDelegate.swift */; };
		AEFB83061D83CDD500A9DB33 /* TipViewController.swift in Sources */ = {isa = PBXBuildFile; fileRef = AEFB83051D83CDD500A9DB33 /* TipViewController.swift */; };
		AEFB83091D83CDD500A9DB33 /* Main.storyboard in Resources */ = {isa = PBXBuildFile; fileRef = AEFB83071D83CDD500A9DB33 /* Main.storyboard */; };
		AEFB830B1D83CDD500A9DB33 /* Assets.xcassets in Resources */ = {isa = PBXBuildFile; fileRef = AEFB830A1D83CDD500A9DB33 /* Assets.xcassets */; };
		AEFB830E1D83CDD500A9DB33 /* LaunchScreen.storyboard in Resources */ = {isa = PBXBuildFile; fileRef = AEFB830C1D83CDD500A9DB33 /* LaunchScreen.storyboard */; };
		AEFB83191D83CDD600A9DB33 /* CodePathTipCalculatorTests.swift in Sources */ = {isa = PBXBuildFile; fileRef = AEFB83181D83CDD600A9DB33 /* CodePathTipCalculatorTests.swift */; };
		AEFB83241D83CDD600A9DB33 /* CodePathTipCalculatorUITests.swift in Sources */ = {isa = PBXBuildFile; fileRef = AEFB83231D83CDD600A9DB33 /* CodePathTipCalculatorUITests.swift */; };
		AEFB83321D83D91200A9DB33 /* SettingsViewController.swift in Sources */ = {isa = PBXBuildFile; fileRef = AEFB83311D83D91200A9DB33 /* SettingsViewController.swift */; };
/* End PBXBuildFile section */

/* Begin PBXContainerItemProxy section */
		AEFB83151D83CDD600A9DB33 /* PBXContainerItemProxy */ = {
			isa = PBXContainerItemProxy;
			containerPortal = AEFB82F81D83CDD500A9DB33 /* Project object */;
			proxyType = 1;
			remoteGlobalIDString = AEFB82FF1D83CDD500A9DB33;
			remoteInfo = CodePathTipCalculator;
		};
		AEFB83201D83CDD600A9DB33 /* PBXContainerItemProxy */ = {
			isa = PBXContainerItemProxy;
			containerPortal = AEFB82F81D83CDD500A9DB33 /* Project object */;
			proxyType = 1;
			remoteGlobalIDString = AEFB82FF1D83CDD500A9DB33;
			remoteInfo = CodePathTipCalculator;
		};
/* End PBXContainerItemProxy section */

/* Begin PBXFileReference section */
		AEFB83001D83CDD500A9DB33 /* CodePathTipCalculator.app */ = {isa = PBXFileReference; explicitFileType = wrapper.application; includeInIndex = 0; path = CodePathTipCalculator.app; sourceTree = BUILT_PRODUCTS_DIR; };
		AEFB83031D83CDD500A9DB33 /* AppDelegate.swift */ = {isa = PBXFileReference; lastKnownFileType = sourcecode.swift; path = AppDelegate.swift; sourceTree = "<group>"; };
		AEFB83051D83CDD500A9DB33 /* TipViewController.swift */ = {isa = PBXFileReference; lastKnownFileType = sourcecode.swift; path = TipViewController.swift; sourceTree = "<group>"; };
		AEFB83081D83CDD500A9DB33 /* Base */ = {isa = PBXFileReference; lastKnownFileType = file.storyboard; name = Base; path = Base.lproj/Main.storyboard; sourceTree = "<group>"; };
		AEFB830A1D83CDD500A9DB33 /* Assets.xcassets */ = {isa = PBXFileReference; lastKnownFileType = folder.assetcatalog; path = Assets.xcassets; sourceTree = "<group>"; };
		AEFB830D1D83CDD500A9DB33 /* Base */ = {isa = PBXFileReference; lastKnownFileType = file.storyboard; name = Base; path = Base.lproj/LaunchScreen.storyboard; sourceTree = "<group>"; };
		AEFB830F1D83CDD500A9DB33 /* Info.plist */ = {isa = PBXFileReference; lastKnownFileType = text.plist.xml; path = Info.plist; sourceTree = "<group>"; };
		AEFB83141D83CDD600A9DB33 /* CodePathTipCalculatorTests.xctest */ = {isa = PBXFileReference; explicitFileType = wrapper.cfbundle; includeInIndex = 0; path = CodePathTipCalculatorTests.xctest; sourceTree = BUILT_PRODUCTS_DIR; };
		AEFB83181D83CDD600A9DB33 /* CodePathTipCalculatorTests.swift */ = {isa = PBXFileReference; lastKnownFileType = sourcecode.swift; path = CodePathTipCalculatorTests.swift; sourceTree = "<group>"; };
		AEFB831A1D83CDD600A9DB33 /* Info.plist */ = {isa = PBXFileReference; lastKnownFileType = text.plist.xml; path = Info.plist; sourceTree = "<group>"; };
		AEFB831F1D83CDD600A9DB33 /* CodePathTipCalculatorUITests.xctest */ = {isa = PBXFileReference; explicitFileType = wrapper.cfbundle; includeInIndex = 0; path = CodePathTipCalculatorUITests.xctest; sourceTree = BUILT_PRODUCTS_DIR; };
		AEFB83231D83CDD600A9DB33 /* CodePathTipCalculatorUITests.swift */ = {isa = PBXFileReference; lastKnownFileType = sourcecode.swift; path = CodePathTipCalculatorUITests.swift; sourceTree = "<group>"; };
		AEFB83251D83CDD600A9DB33 /* Info.plist */ = {isa = PBXFileReference; lastKnownFileType = text.plist.xml; path = Info.plist; sourceTree = "<group>"; };
		AEFB83311D83D91200A9DB33 /* SettingsViewController.swift */ = {isa = PBXFileReference; fileEncoding = 4; lastKnownFileType = sourcecode.swift; path = SettingsViewController.swift; sourceTree = "<group>"; };
/* End PBXFileReference section */

/* Begin PBXFrameworksBuildPhase section */
		AEFB82FD1D83CDD500A9DB33 /* Frameworks */ = {
			isa = PBXFrameworksBuildPhase;
			buildActionMask = 2147483647;
			files = (
			);
			runOnlyForDeploymentPostprocessing = 0;
		};
		AEFB83111D83CDD600A9DB33 /* Frameworks */ = {
			isa = PBXFrameworksBuildPhase;
			buildActionMask = 2147483647;
			files = (
			);
			runOnlyForDeploymentPostprocessing = 0;
		};
		AEFB831C1D83CDD600A9DB33 /* Frameworks */ = {
			isa = PBXFrameworksBuildPhase;
			buildActionMask = 2147483647;
			files = (
			);
			runOnlyForDeploymentPostprocessing = 0;
		};
/* End PBXFrameworksBuildPhase section */

/* Begin PBXGroup section */
		AEFB82F71D83CDD500A9DB33 = {
			isa = PBXGroup;
			children = (
				AEFB83021D83CDD500A9DB33 /* CodePathTipCalculator */,
				AEFB83171D83CDD600A9DB33 /* CodePathTipCalculatorTests */,
				AEFB83221D83CDD600A9DB33 /* CodePathTipCalculatorUITests */,
				AEFB83011D83CDD500A9DB33 /* Products */,
			);
			sourceTree = "<group>";
		};
		AEFB83011D83CDD500A9DB33 /* Products */ = {
			isa = PBXGroup;
			children = (
				AEFB83001D83CDD500A9DB33 /* CodePathTipCalculator.app */,
				AEFB83141D83CDD600A9DB33 /* CodePathTipCalculatorTests.xctest */,
				AEFB831F1D83CDD600A9DB33 /* CodePathTipCalculatorUITests.xctest */,
			);
			name = Products;
			sourceTree = "<group>";
		};
		AEFB83021D83CDD500A9DB33 /* CodePathTipCalculator */ = {
			isa = PBXGroup;
			children = (
				AEFB83031D83CDD500A9DB33 /* AppDelegate.swift */,
				AEFB83051D83CDD500A9DB33 /* TipViewController.swift */,
				AEFB83071D83CDD500A9DB33 /* Main.storyboard */,
				AEFB83311D83D91200A9DB33 /* SettingsViewController.swift */,
				AEFB830A1D83CDD500A9DB33 /* Assets.xcassets */,
				AEFB830C1D83CDD500A9DB33 /* LaunchScreen.storyboard */,
				AEFB830F1D83CDD500A9DB33 /* Info.plist */,
			);
			path = CodePathTipCalculator;
			sourceTree = "<group>";
		};
		AEFB83171D83CDD600A9DB33 /* CodePathTipCalculatorTests */ = {
			isa = PBXGroup;
			children = (
				AEFB83181D83CDD600A9DB33 /* CodePathTipCalculatorTests.swift */,
				AEFB831A1D83CDD600A9DB33 /* Info.plist */,
			);
			path = CodePathTipCalculatorTests;
			sourceTree = "<group>";
		};
		AEFB83221D83CDD600A9DB33 /* CodePathTipCalculatorUITests */ = {
			isa = PBXGroup;
			children = (
				AEFB83231D83CDD600A9DB33 /* CodePathTipCalculatorUITests.swift */,
				AEFB83251D83CDD600A9DB33 /* Info.plist */,
			);
			path = CodePathTipCalculatorUITests;
			sourceTree = "<group>";
		};
/* End PBXGroup section */

/* Begin PBXNativeTarget section */
		AEFB82FF1D83CDD500A9DB33 /* CodePathTipCalculator */ = {
			isa = PBXNativeTarget;
			buildConfigurationList = AEFB83281D83CDD600A9DB33 /* Build configuration list for PBXNativeTarget "CodePathTipCalculator" */;
			buildPhases = (
				AEFB82FC1D83CDD500A9DB33 /* Sources */,
				AEFB82FD1D83CDD500A9DB33 /* Frameworks */,
				AEFB82FE1D83CDD500A9DB33 /* Resources */,
			);
			buildRules = (
			);
			dependencies = (
			);
			name = CodePathTipCalculator;
			productName = CodePathTipCalculator;
			productReference = AEFB83001D83CDD500A9DB33 /* CodePathTipCalculator.app */;
			productType = "com.apple.product-type.application";
		};
		AEFB83131D83CDD600A9DB33 /* CodePathTipCalculatorTests */ = {
			isa = PBXNativeTarget;
			buildConfigurationList = AEFB832B1D83CDD600A9DB33 /* Build configuration list for PBXNativeTarget "CodePathTipCalculatorTests" */;
			buildPhases = (
				AEFB83101D83CDD600A9DB33 /* Sources */,
				AEFB83111D83CDD600A9DB33 /* Frameworks */,
				AEFB83121D83CDD600A9DB33 /* Resources */,
			);
			buildRules = (
			);
			dependencies = (
				AEFB83161D83CDD600A9DB33 /* PBXTargetDependency */,
			);
			name = CodePathTipCalculatorTests;
			productName = CodePathTipCalculatorTests;
			productReference = AEFB83141D83CDD600A9DB33 /* CodePathTipCalculatorTests.xctest */;
			productType = "com.apple.product-type.bundle.unit-test";
		};
		AEFB831E1D83CDD600A9DB33 /* CodePathTipCalculatorUITests */ = {
			isa = PBXNativeTarget;
			buildConfigurationList = AEFB832E1D83CDD600A9DB33 /* Build configuration list for PBXNativeTarget "CodePathTipCalculatorUITests" */;
			buildPhases = (
				AEFB831B1D83CDD600A9DB33 /* Sources */,
				AEFB831C1D83CDD600A9DB33 /* Frameworks */,
				AEFB831D1D83CDD600A9DB33 /* Resources */,
			);
			buildRules = (
			);
			dependencies = (
				AEFB83211D83CDD600A9DB33 /* PBXTargetDependency */,
			);
			name = CodePathTipCalculatorUITests;
			productName = CodePathTipCalculatorUITests;
			productReference = AEFB831F1D83CDD600A9DB33 /* CodePathTipCalculatorUITests.xctest */;
			productType = "com.apple.product-type.bundle.ui-testing";
		};
/* End PBXNativeTarget section */

/* Begin PBXProject section */
		AEFB82F81D83CDD500A9DB33 /* Project object */ = {
			isa = PBXProject;
			attributes = {
				LastSwiftUpdateCheck = 0730;
				LastUpgradeCheck = 0730;
				ORGANIZATIONNAME = "Estella Lai";
				TargetAttributes = {
					AEFB82FF1D83CDD500A9DB33 = {
						CreatedOnToolsVersion = 7.3.1;
					};
					AEFB83131D83CDD600A9DB33 = {
						CreatedOnToolsVersion = 7.3.1;
						TestTargetID = AEFB82FF1D83CDD500A9DB33;
					};
					AEFB831E1D83CDD600A9DB33 = {
						CreatedOnToolsVersion = 7.3.1;
						TestTargetID = AEFB82FF1D83CDD500A9DB33;
					};
				};
			};
			buildConfigurationList = AEFB82FB1D83CDD500A9DB33 /* Build configuration list for PBXProject "CodePathTipCalculator" */;
			compatibilityVersion = "Xcode 3.2";
			developmentRegion = English;
			hasScannedForEncodings = 0;
			knownRegions = (
				en,
				Base,
			);
			mainGroup = AEFB82F71D83CDD500A9DB33;
			productRefGroup = AEFB83011D83CDD500A9DB33 /* Products */;
			projectDirPath = "";
			projectRoot = "";
			targets = (
				AEFB82FF1D83CDD500A9DB33 /* CodePathTipCalculator */,
				AEFB83131D83CDD600A9DB33 /* CodePathTipCalculatorTests */,
				AEFB831E1D83CDD600A9DB33 /* CodePathTipCalculatorUITests */,
			);
		};
/* End PBXProject section */

/* Begin PBXResourcesBuildPhase section */
		AEFB82FE1D83CDD500A9DB33 /* Resources */ = {
			isa = PBXResourcesBuildPhase;
			buildActionMask = 2147483647;
			files = (
				AEFB830E1D83CDD500A9DB33 /* LaunchScreen.storyboard in Resources */,
				AEFB830B1D83CDD500A9DB33 /* Assets.xcassets in Resources */,
				AEFB83091D83CDD500A9DB33 /* Main.storyboard in Resources */,
			);
			runOnlyForDeploymentPostprocessing = 0;
		};
		AEFB83121D83CDD600A9DB33 /* Resources */ = {
			isa = PBXResourcesBuildPhase;
			buildActionMask = 2147483647;
			files = (
			);
			runOnlyForDeploymentPostprocessing = 0;
		};
		AEFB831D1D83CDD600A9DB33 /* Resources */ = {
			isa = PBXResourcesBuildPhase;
			buildActionMask = 2147483647;
			files = (
			);
			runOnlyForDeploymentPostprocessing = 0;
		};
/* End PBXResourcesBuildPhase section */

/* Begin PBXSourcesBuildPhase section */
		AEFB82FC1D83CDD500A9DB33 /* Sources */ = {
			isa = PBXSourcesBuildPhase;
			buildActionMask = 2147483647;
			files = (
				AEFB83061D83CDD500A9DB33 /* TipViewController.swift in Sources */,
				AEFB83041D83CDD500A9DB33 /* AppDelegate.swift in Sources */,
				AEFB83321D83D91200A9DB33 /* SettingsViewController.swift in Sources */,
			);
			runOnlyForDeploymentPostprocessing = 0;
		};
		AEFB83101D83CDD600A9DB33 /* Sources */ = {
			isa = PBXSourcesBuildPhase;
			buildActionMask = 2147483647;
			files = (
				AEFB83191D83CDD600A9DB33 /* CodePathTipCalculatorTests.swift in Sources */,
			);
			runOnlyForDeploymentPostprocessing = 0;
		};
		AEFB831B1D83CDD600A9DB33 /* Sources */ = {
			isa = PBXSourcesBuildPhase;
			buildActionMask = 2147483647;
			files = (
				AEFB83241D83CDD600A9DB33 /* CodePathTipCalculatorUITests.swift in Sources */,
			);
			runOnlyForDeploymentPostprocessing = 0;
		};
/* End PBXSourcesBuildPhase section */

/* Begin PBXTargetDependency section */
		AEFB83161D83CDD600A9DB33 /* PBXTargetDependency */ = {
			isa = PBXTargetDependency;
			target = AEFB82FF1D83CDD500A9DB33 /* CodePathTipCalculator */;
			targetProxy = AEFB83151D83CDD600A9DB33 /* PBXContainerItemProxy */;
		};
		AEFB83211D83CDD600A9DB33 /* PBXTargetDependency */ = {
			isa = PBXTargetDependency;
			target = AEFB82FF1D83CDD500A9DB33 /* CodePathTipCalculator */;
			targetProxy = AEFB83201D83CDD600A9DB33 /* PBXContainerItemProxy */;
		};
/* End PBXTargetDependency section */

/* Begin PBXVariantGroup section */
		AEFB83071D83CDD500A9DB33 /* Main.storyboard */ = {
			isa = PBXVariantGroup;
			children = (
				AEFB83081D83CDD500A9DB33 /* Base */,
			);
			name = Main.storyboard;
			sourceTree = "<group>";
		};
		AEFB830C1D83CDD500A9DB33 /* LaunchScreen.storyboard */ = {
			isa = PBXVariantGroup;
			children = (
				AEFB830D1D83CDD500A9DB33 /* Base */,
			);
			name = LaunchScreen.storyboard;
			sourceTree = "<group>";
		};
/* End PBXVariantGroup section */

/* Begin XCBuildConfiguration section */
		AEFB83261D83CDD600A9DB33 /* Debug */ = {
			isa = XCBuildConfiguration;
			buildSettings = {
				ALWAYS_SEARCH_USER_PATHS = NO;
				CLANG_ANALYZER_NONNULL = YES;
				CLANG_CXX_LANGUAGE_STANDARD = "gnu++0x";
				CLANG_CXX_LIBRARY = "libc++";
				CLANG_ENABLE_MODULES = YES;
				CLANG_ENABLE_OBJC_ARC = YES;
				CLANG_WARN_BOOL_CONVERSION = YES;
				CLANG_WARN_CONSTANT_CONVERSION = YES;
				CLANG_WARN_DIRECT_OBJC_ISA_USAGE = YES_ERROR;
				CLANG_WARN_EMPTY_BODY = YES;
				CLANG_WARN_ENUM_CONVERSION = YES;
				CLANG_WARN_INT_CONVERSION = YES;
				CLANG_WARN_OBJC_ROOT_CLASS = YES_ERROR;
				CLANG_WARN_UNREACHABLE_CODE = YES;
				CLANG_WARN__DUPLICATE_METHOD_MATCH = YES;
				"CODE_SIGN_IDENTITY[sdk=iphoneos*]" = "iPhone Developer";
				COPY_PHASE_STRIP = NO;
				DEBUG_INFORMATION_FORMAT = dwarf;
				ENABLE_STRICT_OBJC_MSGSEND = YES;
				ENABLE_TESTABILITY = YES;
				GCC_C_LANGUAGE_STANDARD = gnu99;
				GCC_DYNAMIC_NO_PIC = NO;
				GCC_NO_COMMON_BLOCKS = YES;
				GCC_OPTIMIZATION_LEVEL = 0;
				GCC_PREPROCESSOR_DEFINITIONS = (
					"DEBUG=1",
					"$(inherited)",
				);
				GCC_WARN_64_TO_32_BIT_CONVERSION = YES;
				GCC_WARN_ABOUT_RETURN_TYPE = YES_ERROR;
				GCC_WARN_UNDECLARED_SELECTOR = YES;
				GCC_WARN_UNINITIALIZED_AUTOS = YES_AGGRESSIVE;
				GCC_WARN_UNUSED_FUNCTION = YES;
				GCC_WARN_UNUSED_VARIABLE = YES;
				IPHONEOS_DEPLOYMENT_TARGET = 9.3;
				MTL_ENABLE_DEBUG_INFO = YES;
				ONLY_ACTIVE_ARCH = YES;
				SDKROOT = iphoneos;
				SWIFT_OPTIMIZATION_LEVEL = "-Onone";
			};
			name = Debug;
		};
		AEFB83271D83CDD600A9DB33 /* Release */ = {
			isa = XCBuildConfiguration;
			buildSettings = {
				ALWAYS_SEARCH_USER_PATHS = NO;
				CLANG_ANALYZER_NONNULL = YES;
				CLANG_CXX_LANGUAGE_STANDARD = "gnu++0x";
				CLANG_CXX_LIBRARY = "libc++";
				CLANG_ENABLE_MODULES = YES;
				CLANG_ENABLE_OBJC_ARC = YES;
				CLANG_WARN_BOOL_CONVERSION = YES;
				CLANG_WARN_CONSTANT_CONVERSION = YES;
				CLANG_WARN_DIRECT_OBJC_ISA_USAGE = YES_ERROR;
				CLANG_WARN_EMPTY_BODY = YES;
				CLANG_WARN_ENUM_CONVERSION = YES;
				CLANG_WARN_INT_CONVERSION = YES;
				CLANG_WARN_OBJC_ROOT_CLASS = YES_ERROR;
				CLANG_WARN_UNREACHABLE_CODE = YES;
				CLANG_WARN__DUPLICATE_METHOD_MATCH = YES;
				"CODE_SIGN_IDENTITY[sdk=iphoneos*]" = "iPhone Developer";
				COPY_PHASE_STRIP = NO;
				DEBUG_INFORMATION_FORMAT = "dwarf-with-dsym";
				ENABLE_NS_ASSERTIONS = NO;
				ENABLE_STRICT_OBJC_MSGSEND = YES;
				GCC_C_LANGUAGE_STANDARD = gnu99;
				GCC_NO_COMMON_BLOCKS = YES;
				GCC_WARN_64_TO_32_BIT_CONVERSION = YES;
				GCC_WARN_ABOUT_RETURN_TYPE = YES_ERROR;
				GCC_WARN_UNDECLARED_SELECTOR = YES;
				GCC_WARN_UNINITIALIZED_AUTOS = YES_AGGRESSIVE;
				GCC_WARN_UNUSED_FUNCTION = YES;
				GCC_WARN_UNUSED_VARIABLE = YES;
				IPHONEOS_DEPLOYMENT_TARGET = 9.3;
				MTL_ENABLE_DEBUG_INFO = NO;
				SDKROOT = iphoneos;
				VALIDATE_PRODUCT = YES;
			};
			name = Release;
		};
		AEFB83291D83CDD600A9DB33 /* Debug */ = {
			isa = XCBuildConfiguration;
			buildSettings = {
				ASSETCATALOG_COMPILER_APPICON_NAME = AppIcon;
				INFOPLIST_FILE = CodePathTipCalculator/Info.plist;
				LD_RUNPATH_SEARCH_PATHS = "$(inherited) @executable_path/Frameworks";
				PRODUCT_BUNDLE_IDENTIFIER = com.estella.CodePathTipCalculator;
				PRODUCT_NAME = "$(TARGET_NAME)";
			};
			name = Debug;
		};
		AEFB832A1D83CDD600A9DB33 /* Release */ = {
			isa = XCBuildConfiguration;
			buildSettings = {
				ASSETCATALOG_COMPILER_APPICON_NAME = AppIcon;
				INFOPLIST_FILE = CodePathTipCalculator/Info.plist;
				LD_RUNPATH_SEARCH_PATHS = "$(inherited) @executable_path/Frameworks";
				PRODUCT_BUNDLE_IDENTIFIER = com.estella.CodePathTipCalculator;
				PRODUCT_NAME = "$(TARGET_NAME)";
			};
			name = Release;
		};
		AEFB832C1D83CDD600A9DB33 /* Debug */ = {
			isa = XCBuildConfiguration;
			buildSettings = {
				BUNDLE_LOADER = "$(TEST_HOST)";
				INFOPLIST_FILE = CodePathTipCalculatorTests/Info.plist;
				LD_RUNPATH_SEARCH_PATHS = "$(inherited) @executable_path/Frameworks @loader_path/Frameworks";
				PRODUCT_BUNDLE_IDENTIFIER = com.estella.CodePathTipCalculatorTests;
				PRODUCT_NAME = "$(TARGET_NAME)";
				TEST_HOST = "$(BUILT_PRODUCTS_DIR)/CodePathTipCalculator.app/CodePathTipCalculator";
			};
			name = Debug;
		};
		AEFB832D1D83CDD600A9DB33 /* Release */ = {
			isa = XCBuildConfiguration;
			buildSettings = {
				BUNDLE_LOADER = "$(TEST_HOST)";
				INFOPLIST_FILE = CodePathTipCalculatorTests/Info.plist;
				LD_RUNPATH_SEARCH_PATHS = "$(inherited) @executable_path/Frameworks @loader_path/Frameworks";
				PRODUCT_BUNDLE_IDENTIFIER = com.estella.CodePathTipCalculatorTests;
				PRODUCT_NAME = "$(TARGET_NAME)";
				TEST_HOST = "$(BUILT_PRODUCTS_DIR)/CodePathTipCalculator.app/CodePathTipCalculator";
			};
			name = Release;
		};
		AEFB832F1D83CDD600A9DB33 /* Debug */ = {
			isa = XCBuildConfiguration;
			buildSettings = {
				INFOPLIST_FILE = CodePathTipCalculatorUITests/Info.plist;
				LD_RUNPATH_SEARCH_PATHS = "$(inherited) @executable_path/Frameworks @loader_path/Frameworks";
				PRODUCT_BUNDLE_IDENTIFIER = com.estella.CodePathTipCalculatorUITests;
				PRODUCT_NAME = "$(TARGET_NAME)";
				TEST_TARGET_NAME = CodePathTipCalculator;
			};
			name = Debug;
		};
		AEFB83301D83CDD600A9DB33 /* Release */ = {
			isa = XCBuildConfiguration;
			buildSettings = {
				INFOPLIST_FILE = CodePathTipCalculatorUITests/Info.plist;
				LD_RUNPATH_SEARCH_PATHS = "$(inherited) @executable_path/Frameworks @loader_path/Frameworks";
				PRODUCT_BUNDLE_IDENTIFIER = com.estella.CodePathTipCalculatorUITests;
				PRODUCT_NAME = "$(TARGET_NAME)";
				TEST_TARGET_NAME = CodePathTipCalculator;
			};
			name = Release;
		};
/* End XCBuildConfiguration section */

/* Begin XCConfigurationList section */
		AEFB82FB1D83CDD500A9DB33 /* Build configuration list for PBXProject "CodePathTipCalculator" */ = {
			isa = XCConfigurationList;
			buildConfigurations = (
				AEFB83261D83CDD600A9DB33 /* Debug */,
				AEFB83271D83CDD600A9DB33 /* Release */,
			);
			defaultConfigurationIsVisible = 0;
			defaultConfigurationName = Release;
		};
		AEFB83281D83CDD600A9DB33 /* Build configuration list for PBXNativeTarget "CodePathTipCalculator" */ = {
			isa = XCConfigurationList;
			buildConfigurations = (
				AEFB83291D83CDD600A9DB33 /* Debug */,
				AEFB832A1D83CDD600A9DB33 /* Release */,
			);
			defaultConfigurationIsVisible = 0;
		};
		AEFB832B1D83CDD600A9DB33 /* Build configuration list for PBXNativeTarget "CodePathTipCalculatorTests" */ = {
			isa = XCConfigurationList;
			buildConfigurations = (
				AEFB832C1D83CDD600A9DB33 /* Debug */,
				AEFB832D1D83CDD600A9DB33 /* Release */,
			);
			defaultConfigurationIsVisible = 0;
		};
		AEFB832E1D83CDD600A9DB33 /* Build configuration list for PBXNativeTarget "CodePathTipCalculatorUITests" */ = {
			isa = XCConfigurationList;
			buildConfigurations = (
				AEFB832F1D83CDD600A9DB33 /* Debug */,
				AEFB83301D83CDD600A9DB33 /* Release */,
			);
			defaultConfigurationIsVisible = 0;
		};
/* End XCConfigurationList section */
	};
	rootObject = AEFB82F81D83CDD500A9DB33 /* Project object */;
}
